// !$*UTF8*$!
{
	archiveVersion = 1;
	classes = {
	};
	objectVersion = 51;
	objects = {

/* Begin PBXBuildFile section */
		083AE751270D7F3E009A77F4 /* PostThumbnailVMTests.swift in Sources */ = {isa = PBXBuildFile; fileRef = 083AE750270D7F3D009A77F4 /* PostThumbnailVMTests.swift */; };
		083AE753270D9045009A77F4 /* CommunityVMTests.swift in Sources */ = {isa = PBXBuildFile; fileRef = 083AE752270D9045009A77F4 /* CommunityVMTests.swift */; };
		083AE755270D91BC009A77F4 /* MyWinesHeaderVMTests.swift in Sources */ = {isa = PBXBuildFile; fileRef = 083AE754270D91BC009A77F4 /* MyWinesHeaderVMTests.swift */; };
		083AE757270D9C20009A77F4 /* MyWinesVMTests.swift in Sources */ = {isa = PBXBuildFile; fileRef = 083AE756270D9C20009A77F4 /* MyWinesVMTests.swift */; };
		087DBB79272BE79E0085FBC8 /* PostManager+Like.swift in Sources */ = {isa = PBXBuildFile; fileRef = 087DBB78272BE79E0085FBC8 /* PostManager+Like.swift */; };
		087DBB7D272BEEEB0085FBC8 /* LikeTests.swift in Sources */ = {isa = PBXBuildFile; fileRef = 087DBB7C272BEEEB0085FBC8 /* LikeTests.swift */; };
		0897E828277075650009D9B7 /* CALayer+Extension.swift in Sources */ = {isa = PBXBuildFile; fileRef = 0897E827277075650009D9B7 /* CALayer+Extension.swift */; };
		08A5EC76E616238FE4A1344C /* Pods_WineCalenderTests.framework in Frameworks */ = {isa = PBXBuildFile; fileRef = EB530CB5E85DD562B7F598F4 /* Pods_WineCalenderTests.framework */; };
		08E17CAB276C110A00A5F467 /* WineDetailVM.swift in Sources */ = {isa = PBXBuildFile; fileRef = 08E17CAA276C110A00A5F467 /* WineDetailVM.swift */; };
		1223396326CFA1A100B7FB74 /* SettingsTableViewController.swift in Sources */ = {isa = PBXBuildFile; fileRef = 1223396226CFA1A100B7FB74 /* SettingsTableViewController.swift */; };
		1223396826CFC10A00B7FB74 /* SignInViewController.swift in Sources */ = {isa = PBXBuildFile; fileRef = 1223396726CFC10A00B7FB74 /* SignInViewController.swift */; };
		1223396A26CFC38900B7FB74 /* AuthenticationManager.swift in Sources */ = {isa = PBXBuildFile; fileRef = 1223396926CFC38900B7FB74 /* AuthenticationManager.swift */; };
		1223396C26CFC5AF00B7FB74 /* SignUpViewController.swift in Sources */ = {isa = PBXBuildFile; fileRef = 1223396B26CFC5AF00B7FB74 /* SignUpViewController.swift */; };
		122536DD26C3A1BC00190CA1 /* WineVarietiesTableViewController.swift in Sources */ = {isa = PBXBuildFile; fileRef = 122536DC26C3A1BC00190CA1 /* WineVarietiesTableViewController.swift */; };
		122536DF26C3A20200190CA1 /* WineVarieties.swift in Sources */ = {isa = PBXBuildFile; fileRef = 122536DE26C3A20200190CA1 /* WineVarieties.swift */; };
		1226FF4426E8731F003ACE3A /* MyWinesHeaderView.swift in Sources */ = {isa = PBXBuildFile; fileRef = 1226FF4326E8731F003ACE3A /* MyWinesHeaderView.swift */; };
		123A232A2740BF34004039E9 /* swirling-wine.json in Resources */ = {isa = PBXBuildFile; fileRef = 123A23292740BF34004039E9 /* swirling-wine.json */; };
		123DEC4726C449B600DE45F7 /* WineProducingCountriesTableViewController.swift in Sources */ = {isa = PBXBuildFile; fileRef = 123DEC4626C449B600DE45F7 /* WineProducingCountriesTableViewController.swift */; };
		123DEC4926C44AFD00DE45F7 /* Countries.swift in Sources */ = {isa = PBXBuildFile; fileRef = 123DEC4826C44AFD00DE45F7 /* Countries.swift */; };
		124078A527919B90001E4983 /* CommentDetailCell.swift in Sources */ = {isa = PBXBuildFile; fileRef = 124078A427919B90001E4983 /* CommentDetailCell.swift */; };
		12578E7A2697517500F2FF20 /* CalendarViewController.swift in Sources */ = {isa = PBXBuildFile; fileRef = 12578E792697517500F2FF20 /* CalendarViewController.swift */; };
		12578E7C2697542700F2FF20 /* CalendarTableViewCell.swift in Sources */ = {isa = PBXBuildFile; fileRef = 12578E7B2697542700F2FF20 /* CalendarTableViewCell.swift */; };
		1258ADA4277C2364003C2FF1 /* NoticeController.swift in Sources */ = {isa = PBXBuildFile; fileRef = 1258ADA3277C2364003C2FF1 /* NoticeController.swift */; };
		1258ADA6277C23DC003C2FF1 /* NoticeCell.swift in Sources */ = {isa = PBXBuildFile; fileRef = 1258ADA5277C23DC003C2FF1 /* NoticeCell.swift */; };
		1258ADA8277C35EE003C2FF1 /* HelpController.swift in Sources */ = {isa = PBXBuildFile; fileRef = 1258ADA7277C35EE003C2FF1 /* HelpController.swift */; };
		1258ADAA277C4A90003C2FF1 /* HelpCell.swift in Sources */ = {isa = PBXBuildFile; fileRef = 1258ADA9277C4A90003C2FF1 /* HelpCell.swift */; };
		1258ADAC277C582D003C2FF1 /* NoticeManager.swift in Sources */ = {isa = PBXBuildFile; fileRef = 1258ADAB277C582D003C2FF1 /* NoticeManager.swift */; };
		1258ADAE277C67BD003C2FF1 /* NoticeDetailController.swift in Sources */ = {isa = PBXBuildFile; fileRef = 1258ADAD277C67BD003C2FF1 /* NoticeDetailController.swift */; };
		1258ADB0277C682F003C2FF1 /* NoticeDetailCell.swift in Sources */ = {isa = PBXBuildFile; fileRef = 1258ADAF277C682F003C2FF1 /* NoticeDetailCell.swift */; };
		1258ADB2277C7A5C003C2FF1 /* UILabel+Extension.swift in Sources */ = {isa = PBXBuildFile; fileRef = 1258ADB1277C7A5C003C2FF1 /* UILabel+Extension.swift */; };
		125EBDE526C693A70081E5D8 /* WineAromasAndFlavors.swift in Sources */ = {isa = PBXBuildFile; fileRef = 125EBDE426C693A70081E5D8 /* WineAromasAndFlavors.swift */; };
		125EBDE726C694550081E5D8 /* WineAromasAndFlavorsCollectionViewController.swift in Sources */ = {isa = PBXBuildFile; fileRef = 125EBDE626C694550081E5D8 /* WineAromasAndFlavorsCollectionViewController.swift */; };
		125EBDE926C695AC0081E5D8 /* WineAromasAndFlavorsCollectionViewCell.swift in Sources */ = {isa = PBXBuildFile; fileRef = 125EBDE826C695AC0081E5D8 /* WineAromasAndFlavorsCollectionViewCell.swift */; };
		126325D4274BAB6E0013CA33 /* DeleteAccountViewController.swift in Sources */ = {isa = PBXBuildFile; fileRef = 126325D3274BAB6E0013CA33 /* DeleteAccountViewController.swift */; };
		126810B326D407150061B9A5 /* FindPasswordViewController.swift in Sources */ = {isa = PBXBuildFile; fileRef = 126810B226D407150061B9A5 /* FindPasswordViewController.swift */; };
		127DEF862726423C0002BA39 /* AddTastingNoteTableViewController.swift in Sources */ = {isa = PBXBuildFile; fileRef = 127DEF852726423C0002BA39 /* AddTastingNoteTableViewController.swift */; };
		1280D8A926E654A20052226A /* User.swift in Sources */ = {isa = PBXBuildFile; fileRef = 1280D8A826E654A20052226A /* User.swift */; };
		1280D8AB26E654B30052226A /* MyWinesHeaderViewModel.swift in Sources */ = {isa = PBXBuildFile; fileRef = 1280D8AA26E654B30052226A /* MyWinesHeaderViewModel.swift */; };
		1284F5EE26DB51860033CFD0 /* MyWinesCollectionViewCell.swift in Sources */ = {isa = PBXBuildFile; fileRef = 1284F5ED26DB51860033CFD0 /* MyWinesCollectionViewCell.swift */; };
		1288F8F82770351C0043E7E7 /* Constants.swift in Sources */ = {isa = PBXBuildFile; fileRef = 1288F8F72770351C0043E7E7 /* Constants.swift */; };
		12B5560426FC9BDD00639807 /* Settings.storyboard in Resources */ = {isa = PBXBuildFile; fileRef = 12B5560326FC9BDD00639807 /* Settings.storyboard */; };
		12B9350E2791626800183205 /* PostManager+Comment.swift in Sources */ = {isa = PBXBuildFile; fileRef = 12B9350D2791626800183205 /* PostManager+Comment.swift */; };
		12B935102791877300183205 /* CommentDetailController.swift in Sources */ = {isa = PBXBuildFile; fileRef = 12B9350F2791877300183205 /* CommentDetailController.swift */; };
		12B935122791880100183205 /* CommentDetailVM.swift in Sources */ = {isa = PBXBuildFile; fileRef = 12B935112791880100183205 /* CommentDetailVM.swift */; };
		12C19D94274E22EB00673EAA /* GoogleService-Info.plist in Resources */ = {isa = PBXBuildFile; fileRef = 12C19D93274E22EB00673EAA /* GoogleService-Info.plist */; };
		12C9D6BC26984D0000911CF0 /* Categories.swift in Sources */ = {isa = PBXBuildFile; fileRef = 12C9D6BB26984D0000911CF0 /* Categories.swift */; };
		12C9D6BE2698547500911CF0 /* AddScheduleTableViewController.swift in Sources */ = {isa = PBXBuildFile; fileRef = 12C9D6BD2698547500911CF0 /* AddScheduleTableViewController.swift */; };
		12D9A61B26EA674600792C6E /* Post.swift in Sources */ = {isa = PBXBuildFile; fileRef = 12D9A61A26EA674600792C6E /* Post.swift */; };
		12D9A61D26EA69BD00792C6E /* Comment.swift in Sources */ = {isa = PBXBuildFile; fileRef = 12D9A61C26EA69BD00792C6E /* Comment.swift */; };
		12D9A62126EA7AFE00792C6E /* MyWinesViewModel.swift in Sources */ = {isa = PBXBuildFile; fileRef = 12D9A62026EA7AFE00792C6E /* MyWinesViewModel.swift */; };
		12DAC3DA274123A90055B5E7 /* MyWinesNoPostsCell.swift in Sources */ = {isa = PBXBuildFile; fileRef = 12DAC3D9274123A90055B5E7 /* MyWinesNoPostsCell.swift */; };
		12DF47AC276B5C280093D62E /* loading.json in Resources */ = {isa = PBXBuildFile; fileRef = 12DF47AB276B5C280093D62E /* loading.json */; };
		12DF7CF6269DC3A90083AE2B /* DetailScheduleTableViewController.swift in Sources */ = {isa = PBXBuildFile; fileRef = 12DF7CF5269DC3A90083AE2B /* DetailScheduleTableViewController.swift */; };
		12DF7CF8269DC3C30083AE2B /* DetailMyWinesTableViewController.swift in Sources */ = {isa = PBXBuildFile; fileRef = 12DF7CF7269DC3C30083AE2B /* DetailMyWinesTableViewController.swift */; };
		12E188C326CBACBC0035964F /* WineTastingNote+CoreDataClass.swift in Sources */ = {isa = PBXBuildFile; fileRef = 12E188C126CBACBC0035964F /* WineTastingNote+CoreDataClass.swift */; };
		12E188C426CBACBC0035964F /* WineTastingNote+CoreDataProperties.swift in Sources */ = {isa = PBXBuildFile; fileRef = 12E188C226CBACBC0035964F /* WineTastingNote+CoreDataProperties.swift */; };
		12E188C626CBB1F00035964F /* WineTastingNotes.swift in Sources */ = {isa = PBXBuildFile; fileRef = 12E188C526CBB1F00035964F /* WineTastingNotes.swift */; };
		12E2D82026CEEABC0016A851 /* MyWinesViewController.swift in Sources */ = {isa = PBXBuildFile; fileRef = 12E2D81F26CEEABC0016A851 /* MyWinesViewController.swift */; };
		12EC792B26D4AE800003DE27 /* UpdatePasswordViewController.swift in Sources */ = {isa = PBXBuildFile; fileRef = 12EC792A26D4AE800003DE27 /* UpdatePasswordViewController.swift */; };
		12EC792F26D4C31C0003DE27 /* PostManager.swift in Sources */ = {isa = PBXBuildFile; fileRef = 12EC792E26D4C31C0003DE27 /* PostManager.swift */; };
		12EEA68F269AD9FC00D850F0 /* DataManager.swift in Sources */ = {isa = PBXBuildFile; fileRef = 12EEA68E269AD9FC00D850F0 /* DataManager.swift */; };
		12F1FDAB26D3D94800342BE2 /* EditProfileViewController.swift in Sources */ = {isa = PBXBuildFile; fileRef = 12F1FDAA26D3D94800342BE2 /* EditProfileViewController.swift */; };
		1F215B2726A0069800F0E526 /* SearchViewController.swift in Sources */ = {isa = PBXBuildFile; fileRef = 1F215B2626A0069800F0E526 /* SearchViewController.swift */; };
		1F21DCFF26AA7E2D000C6A59 /* SearchTableViewCell.swift in Sources */ = {isa = PBXBuildFile; fileRef = 1F21DCFE26AA7E2D000C6A59 /* SearchTableViewCell.swift */; };
		1FBF148E269BF25E00B8C59D /* PhotoViewController.swift in Sources */ = {isa = PBXBuildFile; fileRef = 1FBF148D269BF25E00B8C59D /* PhotoViewController.swift */; };
		1FCB9113267B846C008C93C7 /* AppDelegate.swift in Sources */ = {isa = PBXBuildFile; fileRef = 1FCB9112267B846C008C93C7 /* AppDelegate.swift */; };
		1FCB9115267B846C008C93C7 /* SceneDelegate.swift in Sources */ = {isa = PBXBuildFile; fileRef = 1FCB9114267B846C008C93C7 /* SceneDelegate.swift */; };
		1FCB9117267B846C008C93C7 /* ViewController.swift in Sources */ = {isa = PBXBuildFile; fileRef = 1FCB9116267B846C008C93C7 /* ViewController.swift */; };
		1FCB911A267B846C008C93C7 /* Main.storyboard in Resources */ = {isa = PBXBuildFile; fileRef = 1FCB9118267B846C008C93C7 /* Main.storyboard */; };
		1FCB911D267B846C008C93C7 /* WineCalender.xcdatamodeld in Sources */ = {isa = PBXBuildFile; fileRef = 1FCB911B267B846C008C93C7 /* WineCalender.xcdatamodeld */; };
		1FCB911F267B846F008C93C7 /* Assets.xcassets in Resources */ = {isa = PBXBuildFile; fileRef = 1FCB911E267B846F008C93C7 /* Assets.xcassets */; };
		1FCB9122267B846F008C93C7 /* LaunchScreen.storyboard in Resources */ = {isa = PBXBuildFile; fileRef = 1FCB9120267B846F008C93C7 /* LaunchScreen.storyboard */; };
		1FCB912D267B8470008C93C7 /* WineCalenderCoreDataTests.swift in Sources */ = {isa = PBXBuildFile; fileRef = 1FCB912C267B8470008C93C7 /* WineCalenderCoreDataTests.swift */; };
		1FCB9138267B8470008C93C7 /* WineCalenderUITests.swift in Sources */ = {isa = PBXBuildFile; fileRef = 1FCB9137267B8470008C93C7 /* WineCalenderUITests.swift */; };
		1FCB9146267B8A44008C93C7 /* SearchPhotoViewController.swift in Sources */ = {isa = PBXBuildFile; fileRef = 1FCB9145267B8A44008C93C7 /* SearchPhotoViewController.swift */; };
		1FE3543926A01809004AAF13 /* SearchDetailViewController.swift in Sources */ = {isa = PBXBuildFile; fileRef = 1FE3543826A01809004AAF13 /* SearchDetailViewController.swift */; };
		224FFA6C271D4EF70015FC43 /* PostDetailVM.swift in Sources */ = {isa = PBXBuildFile; fileRef = 224FFA6B271D4EF70015FC43 /* PostDetailVM.swift */; };
		2263BB3927326DC50004A793 /* PostBottomTable.swift in Sources */ = {isa = PBXBuildFile; fileRef = 2263BB3827326DC50004A793 /* PostBottomTable.swift */; };
		227DED7326EF546E001CCCE0 /* PostThumbnailVM.swift in Sources */ = {isa = PBXBuildFile; fileRef = 227DED6F26EF546D001CCCE0 /* PostThumbnailVM.swift */; };
		227DED7626EF546E001CCCE0 /* PostDetail.swift in Sources */ = {isa = PBXBuildFile; fileRef = 227DED7226EF546D001CCCE0 /* PostDetail.swift */; };
		227DED7B26EF549B001CCCE0 /* PostThumbnailCell.swift in Sources */ = {isa = PBXBuildFile; fileRef = 227DED7826EF549B001CCCE0 /* PostThumbnailCell.swift */; };
		227DED7D26EF549B001CCCE0 /* Community.swift in Sources */ = {isa = PBXBuildFile; fileRef = 227DED7A26EF549B001CCCE0 /* Community.swift */; };
		22AF411626CE54A900F0D123 /* TabBarController.swift in Sources */ = {isa = PBXBuildFile; fileRef = 22AF411526CE54A900F0D123 /* TabBarController.swift */; };
		22BAF6512762F30F009362D4 /* WineDetailController.swift in Sources */ = {isa = PBXBuildFile; fileRef = 22BAF6502762F30F009362D4 /* WineDetailController.swift */; };
		22FE4775272A9F85000B7F40 /* ZigzagLayout.swift in Sources */ = {isa = PBXBuildFile; fileRef = 22FE4774272A9F85000B7F40 /* ZigzagLayout.swift */; };
		22FE4779272AA847000B7F40 /* ThumbnailCell.xib in Resources */ = {isa = PBXBuildFile; fileRef = 22FE4778272AA847000B7F40 /* ThumbnailCell.xib */; };
		2D44FD482C6F8C9A9A8B5A3B /* Pods_WineCalender_WineCalenderUITests.framework in Frameworks */ = {isa = PBXBuildFile; fileRef = A530DBD10DB8474AD455ED35 /* Pods_WineCalender_WineCalenderUITests.framework */; };
		5C04E5E602073F713F4D418D /* Pods_WineCalender.framework in Frameworks */ = {isa = PBXBuildFile; fileRef = 82F6D26CAC0A65D404A6CDCF /* Pods_WineCalender.framework */; };
		C7BAABA626E9CC6400471FB1 /* Community.storyboard in Resources */ = {isa = PBXBuildFile; fileRef = C7BAABA426E9CC6400471FB1 /* Community.storyboard */; };
		C7BAABA926E9CDB200471FB1 /* MyWines.storyboard in Resources */ = {isa = PBXBuildFile; fileRef = C7BAABA726E9CDB200471FB1 /* MyWines.storyboard */; };
		C7BAABAC26E9CEA500471FB1 /* TastingNotes.storyboard in Resources */ = {isa = PBXBuildFile; fileRef = C7BAABAA26E9CEA500471FB1 /* TastingNotes.storyboard */; };
/* End PBXBuildFile section */

/* Begin PBXContainerItemProxy section */
		1FCB9129267B8470008C93C7 /* PBXContainerItemProxy */ = {
			isa = PBXContainerItemProxy;
			containerPortal = 1FCB9107267B846C008C93C7 /* Project object */;
			proxyType = 1;
			remoteGlobalIDString = 1FCB910E267B846C008C93C7;
			remoteInfo = WineCalender;
		};
		1FCB9134267B8470008C93C7 /* PBXContainerItemProxy */ = {
			isa = PBXContainerItemProxy;
			containerPortal = 1FCB9107267B846C008C93C7 /* Project object */;
			proxyType = 1;
			remoteGlobalIDString = 1FCB910E267B846C008C93C7;
			remoteInfo = WineCalender;
		};
/* End PBXContainerItemProxy section */

/* Begin PBXFileReference section */
		083AE750270D7F3D009A77F4 /* PostThumbnailVMTests.swift */ = {isa = PBXFileReference; lastKnownFileType = sourcecode.swift; path = PostThumbnailVMTests.swift; sourceTree = "<group>"; };
		083AE752270D9045009A77F4 /* CommunityVMTests.swift */ = {isa = PBXFileReference; lastKnownFileType = sourcecode.swift; path = CommunityVMTests.swift; sourceTree = "<group>"; };
		083AE754270D91BC009A77F4 /* MyWinesHeaderVMTests.swift */ = {isa = PBXFileReference; lastKnownFileType = sourcecode.swift; path = MyWinesHeaderVMTests.swift; sourceTree = "<group>"; };
		083AE756270D9C20009A77F4 /* MyWinesVMTests.swift */ = {isa = PBXFileReference; lastKnownFileType = sourcecode.swift; path = MyWinesVMTests.swift; sourceTree = "<group>"; };
		087DBB78272BE79E0085FBC8 /* PostManager+Like.swift */ = {isa = PBXFileReference; lastKnownFileType = sourcecode.swift; path = "PostManager+Like.swift"; sourceTree = "<group>"; };
		087DBB7C272BEEEB0085FBC8 /* LikeTests.swift */ = {isa = PBXFileReference; lastKnownFileType = sourcecode.swift; path = LikeTests.swift; sourceTree = "<group>"; };
		0897E827277075650009D9B7 /* CALayer+Extension.swift */ = {isa = PBXFileReference; lastKnownFileType = sourcecode.swift; path = "CALayer+Extension.swift"; sourceTree = "<group>"; };
		08E17CAA276C110A00A5F467 /* WineDetailVM.swift */ = {isa = PBXFileReference; lastKnownFileType = sourcecode.swift; path = WineDetailVM.swift; sourceTree = "<group>"; };
		0DE066646E2C02D2B6FC876E /* Pods-WineCalenderTests.debug.xcconfig */ = {isa = PBXFileReference; includeInIndex = 1; lastKnownFileType = text.xcconfig; name = "Pods-WineCalenderTests.debug.xcconfig"; path = "Target Support Files/Pods-WineCalenderTests/Pods-WineCalenderTests.debug.xcconfig"; sourceTree = "<group>"; };
		11236921FC67ADC3A00258B4 /* Pods-WineCalender-WineCalenderUITests.debug.xcconfig */ = {isa = PBXFileReference; includeInIndex = 1; lastKnownFileType = text.xcconfig; name = "Pods-WineCalender-WineCalenderUITests.debug.xcconfig"; path = "Target Support Files/Pods-WineCalender-WineCalenderUITests/Pods-WineCalender-WineCalenderUITests.debug.xcconfig"; sourceTree = "<group>"; };
		1223396226CFA1A100B7FB74 /* SettingsTableViewController.swift */ = {isa = PBXFileReference; lastKnownFileType = sourcecode.swift; path = SettingsTableViewController.swift; sourceTree = "<group>"; };
		1223396726CFC10A00B7FB74 /* SignInViewController.swift */ = {isa = PBXFileReference; lastKnownFileType = sourcecode.swift; path = SignInViewController.swift; sourceTree = "<group>"; };
		1223396926CFC38900B7FB74 /* AuthenticationManager.swift */ = {isa = PBXFileReference; lastKnownFileType = sourcecode.swift; path = AuthenticationManager.swift; sourceTree = "<group>"; };
		1223396B26CFC5AF00B7FB74 /* SignUpViewController.swift */ = {isa = PBXFileReference; lastKnownFileType = sourcecode.swift; path = SignUpViewController.swift; sourceTree = "<group>"; };
		122536DC26C3A1BC00190CA1 /* WineVarietiesTableViewController.swift */ = {isa = PBXFileReference; lastKnownFileType = sourcecode.swift; path = WineVarietiesTableViewController.swift; sourceTree = "<group>"; };
		122536DE26C3A20200190CA1 /* WineVarieties.swift */ = {isa = PBXFileReference; lastKnownFileType = sourcecode.swift; path = WineVarieties.swift; sourceTree = "<group>"; };
		1226FF4326E8731F003ACE3A /* MyWinesHeaderView.swift */ = {isa = PBXFileReference; lastKnownFileType = sourcecode.swift; path = MyWinesHeaderView.swift; sourceTree = "<group>"; };
		123A23292740BF34004039E9 /* swirling-wine.json */ = {isa = PBXFileReference; fileEncoding = 4; lastKnownFileType = text.json; path = "swirling-wine.json"; sourceTree = "<group>"; };
		123DEC4626C449B600DE45F7 /* WineProducingCountriesTableViewController.swift */ = {isa = PBXFileReference; lastKnownFileType = sourcecode.swift; path = WineProducingCountriesTableViewController.swift; sourceTree = "<group>"; };
		123DEC4826C44AFD00DE45F7 /* Countries.swift */ = {isa = PBXFileReference; lastKnownFileType = sourcecode.swift; path = Countries.swift; sourceTree = "<group>"; };
		124078A427919B90001E4983 /* CommentDetailCell.swift */ = {isa = PBXFileReference; lastKnownFileType = sourcecode.swift; path = CommentDetailCell.swift; sourceTree = "<group>"; };
		12578E792697517500F2FF20 /* CalendarViewController.swift */ = {isa = PBXFileReference; lastKnownFileType = sourcecode.swift; path = CalendarViewController.swift; sourceTree = "<group>"; };
		12578E7B2697542700F2FF20 /* CalendarTableViewCell.swift */ = {isa = PBXFileReference; lastKnownFileType = sourcecode.swift; path = CalendarTableViewCell.swift; sourceTree = "<group>"; };
		1258ADA3277C2364003C2FF1 /* NoticeController.swift */ = {isa = PBXFileReference; lastKnownFileType = sourcecode.swift; path = NoticeController.swift; sourceTree = "<group>"; };
		1258ADA5277C23DC003C2FF1 /* NoticeCell.swift */ = {isa = PBXFileReference; lastKnownFileType = sourcecode.swift; path = NoticeCell.swift; sourceTree = "<group>"; };
		1258ADA7277C35EE003C2FF1 /* HelpController.swift */ = {isa = PBXFileReference; lastKnownFileType = sourcecode.swift; path = HelpController.swift; sourceTree = "<group>"; };
		1258ADA9277C4A90003C2FF1 /* HelpCell.swift */ = {isa = PBXFileReference; lastKnownFileType = sourcecode.swift; path = HelpCell.swift; sourceTree = "<group>"; };
		1258ADAB277C582D003C2FF1 /* NoticeManager.swift */ = {isa = PBXFileReference; lastKnownFileType = sourcecode.swift; path = NoticeManager.swift; sourceTree = "<group>"; };
		1258ADAD277C67BD003C2FF1 /* NoticeDetailController.swift */ = {isa = PBXFileReference; lastKnownFileType = sourcecode.swift; path = NoticeDetailController.swift; sourceTree = "<group>"; };
		1258ADAF277C682F003C2FF1 /* NoticeDetailCell.swift */ = {isa = PBXFileReference; lastKnownFileType = sourcecode.swift; path = NoticeDetailCell.swift; sourceTree = "<group>"; };
		1258ADB1277C7A5C003C2FF1 /* UILabel+Extension.swift */ = {isa = PBXFileReference; lastKnownFileType = sourcecode.swift; path = "UILabel+Extension.swift"; sourceTree = "<group>"; };
		125EBDE426C693A70081E5D8 /* WineAromasAndFlavors.swift */ = {isa = PBXFileReference; lastKnownFileType = sourcecode.swift; path = WineAromasAndFlavors.swift; sourceTree = "<group>"; };
		125EBDE626C694550081E5D8 /* WineAromasAndFlavorsCollectionViewController.swift */ = {isa = PBXFileReference; lastKnownFileType = sourcecode.swift; path = WineAromasAndFlavorsCollectionViewController.swift; sourceTree = "<group>"; };
		125EBDE826C695AC0081E5D8 /* WineAromasAndFlavorsCollectionViewCell.swift */ = {isa = PBXFileReference; lastKnownFileType = sourcecode.swift; path = WineAromasAndFlavorsCollectionViewCell.swift; sourceTree = "<group>"; };
		126325D3274BAB6E0013CA33 /* DeleteAccountViewController.swift */ = {isa = PBXFileReference; lastKnownFileType = sourcecode.swift; path = DeleteAccountViewController.swift; sourceTree = "<group>"; };
		126810B226D407150061B9A5 /* FindPasswordViewController.swift */ = {isa = PBXFileReference; lastKnownFileType = sourcecode.swift; path = FindPasswordViewController.swift; sourceTree = "<group>"; };
		127DEF852726423C0002BA39 /* AddTastingNoteTableViewController.swift */ = {isa = PBXFileReference; lastKnownFileType = sourcecode.swift; path = AddTastingNoteTableViewController.swift; sourceTree = "<group>"; };
		1280D8A826E654A20052226A /* User.swift */ = {isa = PBXFileReference; lastKnownFileType = sourcecode.swift; path = User.swift; sourceTree = "<group>"; };
		1280D8AA26E654B30052226A /* MyWinesHeaderViewModel.swift */ = {isa = PBXFileReference; lastKnownFileType = sourcecode.swift; path = MyWinesHeaderViewModel.swift; sourceTree = "<group>"; };
		1284F5ED26DB51860033CFD0 /* MyWinesCollectionViewCell.swift */ = {isa = PBXFileReference; lastKnownFileType = sourcecode.swift; name = MyWinesCollectionViewCell.swift; path = WineCalender/View/MyWines/MyWinesCollectionViewCell.swift; sourceTree = SOURCE_ROOT; };
		1288F8F72770351C0043E7E7 /* Constants.swift */ = {isa = PBXFileReference; lastKnownFileType = sourcecode.swift; path = Constants.swift; sourceTree = "<group>"; };
		12B5560326FC9BDD00639807 /* Settings.storyboard */ = {isa = PBXFileReference; lastKnownFileType = file.storyboard; path = Settings.storyboard; sourceTree = "<group>"; };
		12B9350D2791626800183205 /* PostManager+Comment.swift */ = {isa = PBXFileReference; lastKnownFileType = sourcecode.swift; path = "PostManager+Comment.swift"; sourceTree = "<group>"; };
		12B9350F2791877300183205 /* CommentDetailController.swift */ = {isa = PBXFileReference; lastKnownFileType = sourcecode.swift; path = CommentDetailController.swift; sourceTree = "<group>"; };
		12B935112791880100183205 /* CommentDetailVM.swift */ = {isa = PBXFileReference; lastKnownFileType = sourcecode.swift; path = CommentDetailVM.swift; sourceTree = "<group>"; };
		12C19D93274E22EB00673EAA /* GoogleService-Info.plist */ = {isa = PBXFileReference; fileEncoding = 4; lastKnownFileType = text.plist.xml; path = "GoogleService-Info.plist"; sourceTree = "<group>"; };
		12C9D6BB26984D0000911CF0 /* Categories.swift */ = {isa = PBXFileReference; lastKnownFileType = sourcecode.swift; path = Categories.swift; sourceTree = "<group>"; };
		12C9D6BD2698547500911CF0 /* AddScheduleTableViewController.swift */ = {isa = PBXFileReference; lastKnownFileType = sourcecode.swift; path = AddScheduleTableViewController.swift; sourceTree = "<group>"; };
		12D9A61A26EA674600792C6E /* Post.swift */ = {isa = PBXFileReference; lastKnownFileType = sourcecode.swift; path = Post.swift; sourceTree = "<group>"; };
		12D9A61C26EA69BD00792C6E /* Comment.swift */ = {isa = PBXFileReference; lastKnownFileType = sourcecode.swift; path = Comment.swift; sourceTree = "<group>"; };
		12D9A62026EA7AFE00792C6E /* MyWinesViewModel.swift */ = {isa = PBXFileReference; lastKnownFileType = sourcecode.swift; path = MyWinesViewModel.swift; sourceTree = "<group>"; };
		12DAC3D9274123A90055B5E7 /* MyWinesNoPostsCell.swift */ = {isa = PBXFileReference; lastKnownFileType = sourcecode.swift; path = MyWinesNoPostsCell.swift; sourceTree = "<group>"; };
		12DF47AB276B5C280093D62E /* loading.json */ = {isa = PBXFileReference; fileEncoding = 4; lastKnownFileType = text.json; path = loading.json; sourceTree = "<group>"; };
		12DF7CF5269DC3A90083AE2B /* DetailScheduleTableViewController.swift */ = {isa = PBXFileReference; lastKnownFileType = sourcecode.swift; path = DetailScheduleTableViewController.swift; sourceTree = "<group>"; };
		12DF7CF7269DC3C30083AE2B /* DetailMyWinesTableViewController.swift */ = {isa = PBXFileReference; lastKnownFileType = sourcecode.swift; path = DetailMyWinesTableViewController.swift; sourceTree = "<group>"; };
		12E188C126CBACBC0035964F /* WineTastingNote+CoreDataClass.swift */ = {isa = PBXFileReference; lastKnownFileType = sourcecode.swift; path = "WineTastingNote+CoreDataClass.swift"; sourceTree = "<group>"; };
		12E188C226CBACBC0035964F /* WineTastingNote+CoreDataProperties.swift */ = {isa = PBXFileReference; lastKnownFileType = sourcecode.swift; path = "WineTastingNote+CoreDataProperties.swift"; sourceTree = "<group>"; };
		12E188C526CBB1F00035964F /* WineTastingNotes.swift */ = {isa = PBXFileReference; lastKnownFileType = sourcecode.swift; path = WineTastingNotes.swift; sourceTree = "<group>"; };
		12E2D81F26CEEABC0016A851 /* MyWinesViewController.swift */ = {isa = PBXFileReference; lastKnownFileType = sourcecode.swift; path = MyWinesViewController.swift; sourceTree = "<group>"; };
		12EC792A26D4AE800003DE27 /* UpdatePasswordViewController.swift */ = {isa = PBXFileReference; lastKnownFileType = sourcecode.swift; path = UpdatePasswordViewController.swift; sourceTree = "<group>"; };
		12EC792E26D4C31C0003DE27 /* PostManager.swift */ = {isa = PBXFileReference; lastKnownFileType = sourcecode.swift; path = PostManager.swift; sourceTree = "<group>"; };
		12EEA68E269AD9FC00D850F0 /* DataManager.swift */ = {isa = PBXFileReference; lastKnownFileType = sourcecode.swift; path = DataManager.swift; sourceTree = "<group>"; };
		12F1FDAA26D3D94800342BE2 /* EditProfileViewController.swift */ = {isa = PBXFileReference; lastKnownFileType = sourcecode.swift; path = EditProfileViewController.swift; sourceTree = "<group>"; };
		1F215B2626A0069800F0E526 /* SearchViewController.swift */ = {isa = PBXFileReference; lastKnownFileType = sourcecode.swift; path = SearchViewController.swift; sourceTree = "<group>"; };
		1F21DCFE26AA7E2D000C6A59 /* SearchTableViewCell.swift */ = {isa = PBXFileReference; lastKnownFileType = sourcecode.swift; path = SearchTableViewCell.swift; sourceTree = "<group>"; };
		1FBF148D269BF25E00B8C59D /* PhotoViewController.swift */ = {isa = PBXFileReference; lastKnownFileType = sourcecode.swift; path = PhotoViewController.swift; sourceTree = "<group>"; };
		1FCB910F267B846C008C93C7 /* WineCalender.app */ = {isa = PBXFileReference; explicitFileType = wrapper.application; includeInIndex = 0; path = WineCalender.app; sourceTree = BUILT_PRODUCTS_DIR; };
		1FCB9112267B846C008C93C7 /* AppDelegate.swift */ = {isa = PBXFileReference; lastKnownFileType = sourcecode.swift; path = AppDelegate.swift; sourceTree = "<group>"; };
		1FCB9114267B846C008C93C7 /* SceneDelegate.swift */ = {isa = PBXFileReference; lastKnownFileType = sourcecode.swift; path = SceneDelegate.swift; sourceTree = "<group>"; };
		1FCB9116267B846C008C93C7 /* ViewController.swift */ = {isa = PBXFileReference; lastKnownFileType = sourcecode.swift; path = ViewController.swift; sourceTree = "<group>"; };
		1FCB9119267B846C008C93C7 /* Base */ = {isa = PBXFileReference; lastKnownFileType = file.storyboard; name = Base; path = Base.lproj/Main.storyboard; sourceTree = "<group>"; };
		1FCB911C267B846C008C93C7 /* WineCalender.xcdatamodel */ = {isa = PBXFileReference; lastKnownFileType = wrapper.xcdatamodel; path = WineCalender.xcdatamodel; sourceTree = "<group>"; };
		1FCB911E267B846F008C93C7 /* Assets.xcassets */ = {isa = PBXFileReference; lastKnownFileType = folder.assetcatalog; path = Assets.xcassets; sourceTree = "<group>"; };
		1FCB9121267B846F008C93C7 /* Base */ = {isa = PBXFileReference; lastKnownFileType = file.storyboard; name = Base; path = Base.lproj/LaunchScreen.storyboard; sourceTree = "<group>"; };
		1FCB9123267B846F008C93C7 /* Info.plist */ = {isa = PBXFileReference; lastKnownFileType = text.plist.xml; path = Info.plist; sourceTree = "<group>"; };
		1FCB9128267B8470008C93C7 /* WineCalenderTests.xctest */ = {isa = PBXFileReference; explicitFileType = wrapper.cfbundle; includeInIndex = 0; path = WineCalenderTests.xctest; sourceTree = BUILT_PRODUCTS_DIR; };
		1FCB912C267B8470008C93C7 /* WineCalenderCoreDataTests.swift */ = {isa = PBXFileReference; lastKnownFileType = sourcecode.swift; path = WineCalenderCoreDataTests.swift; sourceTree = "<group>"; };
		1FCB912E267B8470008C93C7 /* Info.plist */ = {isa = PBXFileReference; lastKnownFileType = text.plist.xml; path = Info.plist; sourceTree = "<group>"; };
		1FCB9133267B8470008C93C7 /* WineCalenderUITests.xctest */ = {isa = PBXFileReference; explicitFileType = wrapper.cfbundle; includeInIndex = 0; path = WineCalenderUITests.xctest; sourceTree = BUILT_PRODUCTS_DIR; };
		1FCB9137267B8470008C93C7 /* WineCalenderUITests.swift */ = {isa = PBXFileReference; lastKnownFileType = sourcecode.swift; path = WineCalenderUITests.swift; sourceTree = "<group>"; };
		1FCB9139267B8470008C93C7 /* Info.plist */ = {isa = PBXFileReference; lastKnownFileType = text.plist.xml; path = Info.plist; sourceTree = "<group>"; };
		1FCB9145267B8A44008C93C7 /* SearchPhotoViewController.swift */ = {isa = PBXFileReference; lastKnownFileType = sourcecode.swift; path = SearchPhotoViewController.swift; sourceTree = "<group>"; };
		1FE3543826A01809004AAF13 /* SearchDetailViewController.swift */ = {isa = PBXFileReference; lastKnownFileType = sourcecode.swift; path = SearchDetailViewController.swift; sourceTree = "<group>"; };
		21883CBE2ABA51F7A43023E7 /* Pods-WineCalender.release.xcconfig */ = {isa = PBXFileReference; includeInIndex = 1; lastKnownFileType = text.xcconfig; name = "Pods-WineCalender.release.xcconfig"; path = "Target Support Files/Pods-WineCalender/Pods-WineCalender.release.xcconfig"; sourceTree = "<group>"; };
		224FFA6B271D4EF70015FC43 /* PostDetailVM.swift */ = {isa = PBXFileReference; lastKnownFileType = sourcecode.swift; path = PostDetailVM.swift; sourceTree = "<group>"; };
		2263BB3827326DC50004A793 /* PostBottomTable.swift */ = {isa = PBXFileReference; lastKnownFileType = sourcecode.swift; path = PostBottomTable.swift; sourceTree = "<group>"; };
		227DED6F26EF546D001CCCE0 /* PostThumbnailVM.swift */ = {isa = PBXFileReference; fileEncoding = 4; lastKnownFileType = sourcecode.swift; path = PostThumbnailVM.swift; sourceTree = "<group>"; };
		227DED7226EF546D001CCCE0 /* PostDetail.swift */ = {isa = PBXFileReference; fileEncoding = 4; lastKnownFileType = sourcecode.swift; path = PostDetail.swift; sourceTree = "<group>"; };
		227DED7826EF549B001CCCE0 /* PostThumbnailCell.swift */ = {isa = PBXFileReference; fileEncoding = 4; lastKnownFileType = sourcecode.swift; path = PostThumbnailCell.swift; sourceTree = "<group>"; };
		227DED7A26EF549B001CCCE0 /* Community.swift */ = {isa = PBXFileReference; fileEncoding = 4; lastKnownFileType = sourcecode.swift; path = Community.swift; sourceTree = "<group>"; };
		22AF411526CE54A900F0D123 /* TabBarController.swift */ = {isa = PBXFileReference; lastKnownFileType = sourcecode.swift; path = TabBarController.swift; sourceTree = "<group>"; };
		22BAF6502762F30F009362D4 /* WineDetailController.swift */ = {isa = PBXFileReference; lastKnownFileType = sourcecode.swift; path = WineDetailController.swift; sourceTree = "<group>"; };
		22C743C658C7C294A97A0BA6 /* Pods-WineCalenderTests.release.xcconfig */ = {isa = PBXFileReference; includeInIndex = 1; lastKnownFileType = text.xcconfig; name = "Pods-WineCalenderTests.release.xcconfig"; path = "Target Support Files/Pods-WineCalenderTests/Pods-WineCalenderTests.release.xcconfig"; sourceTree = "<group>"; };
		22FE4774272A9F85000B7F40 /* ZigzagLayout.swift */ = {isa = PBXFileReference; fileEncoding = 4; lastKnownFileType = sourcecode.swift; path = ZigzagLayout.swift; sourceTree = "<group>"; };
		22FE4778272AA847000B7F40 /* ThumbnailCell.xib */ = {isa = PBXFileReference; lastKnownFileType = file.xib; path = ThumbnailCell.xib; sourceTree = "<group>"; };
		3AD1389320F08F52A5BF1AB6 /* Pods-WineCalender.debug.xcconfig */ = {isa = PBXFileReference; includeInIndex = 1; lastKnownFileType = text.xcconfig; name = "Pods-WineCalender.debug.xcconfig"; path = "Target Support Files/Pods-WineCalender/Pods-WineCalender.debug.xcconfig"; sourceTree = "<group>"; };
		54B44FEDB34CF45CA63EB7CC /* Pods-WineCalender-WineCalenderUITests.release.xcconfig */ = {isa = PBXFileReference; includeInIndex = 1; lastKnownFileType = text.xcconfig; name = "Pods-WineCalender-WineCalenderUITests.release.xcconfig"; path = "Target Support Files/Pods-WineCalender-WineCalenderUITests/Pods-WineCalender-WineCalenderUITests.release.xcconfig"; sourceTree = "<group>"; };
		82F6D26CAC0A65D404A6CDCF /* Pods_WineCalender.framework */ = {isa = PBXFileReference; explicitFileType = wrapper.framework; includeInIndex = 0; path = Pods_WineCalender.framework; sourceTree = BUILT_PRODUCTS_DIR; };
		A530DBD10DB8474AD455ED35 /* Pods_WineCalender_WineCalenderUITests.framework */ = {isa = PBXFileReference; explicitFileType = wrapper.framework; includeInIndex = 0; path = Pods_WineCalender_WineCalenderUITests.framework; sourceTree = BUILT_PRODUCTS_DIR; };
		C7BAABA526E9CC6400471FB1 /* Base */ = {isa = PBXFileReference; lastKnownFileType = file.storyboard; name = Base; path = Base.lproj/Community.storyboard; sourceTree = "<group>"; };
		C7BAABA826E9CDB200471FB1 /* Base */ = {isa = PBXFileReference; lastKnownFileType = file.storyboard; name = Base; path = Base.lproj/MyWines.storyboard; sourceTree = "<group>"; };
		C7BAABAB26E9CEA500471FB1 /* Base */ = {isa = PBXFileReference; lastKnownFileType = file.storyboard; name = Base; path = Base.lproj/TastingNotes.storyboard; sourceTree = "<group>"; };
		EB530CB5E85DD562B7F598F4 /* Pods_WineCalenderTests.framework */ = {isa = PBXFileReference; explicitFileType = wrapper.framework; includeInIndex = 0; path = Pods_WineCalenderTests.framework; sourceTree = BUILT_PRODUCTS_DIR; };
/* End PBXFileReference section */

/* Begin PBXFrameworksBuildPhase section */
		1FCB910C267B846C008C93C7 /* Frameworks */ = {
			isa = PBXFrameworksBuildPhase;
			buildActionMask = 2147483647;
			files = (
				5C04E5E602073F713F4D418D /* Pods_WineCalender.framework in Frameworks */,
			);
			runOnlyForDeploymentPostprocessing = 0;
		};
		1FCB9125267B8470008C93C7 /* Frameworks */ = {
			isa = PBXFrameworksBuildPhase;
			buildActionMask = 2147483647;
			files = (
				08A5EC76E616238FE4A1344C /* Pods_WineCalenderTests.framework in Frameworks */,
			);
			runOnlyForDeploymentPostprocessing = 0;
		};
		1FCB9130267B8470008C93C7 /* Frameworks */ = {
			isa = PBXFrameworksBuildPhase;
			buildActionMask = 2147483647;
			files = (
				2D44FD482C6F8C9A9A8B5A3B /* Pods_WineCalender_WineCalenderUITests.framework in Frameworks */,
			);
			runOnlyForDeploymentPostprocessing = 0;
		};
/* End PBXFrameworksBuildPhase section */

/* Begin PBXGroup section */
		0897E8262770754E0009D9B7 /* Extensions */ = {
			isa = PBXGroup;
			children = (
				0897E827277075650009D9B7 /* CALayer+Extension.swift */,
				1258ADB1277C7A5C003C2FF1 /* UILabel+Extension.swift */,
			);
			path = Extensions;
			sourceTree = "<group>";
		};
		1223396426CFA22700B7FB74 /* AddTastingNote */ = {
			isa = PBXGroup;
			children = (
				122536DE26C3A20200190CA1 /* WineVarieties.swift */,
				123DEC4826C44AFD00DE45F7 /* Countries.swift */,
				125EBDE426C693A70081E5D8 /* WineAromasAndFlavors.swift */,
			);
			path = AddTastingNote;
			sourceTree = "<group>";
		};
		1223396526CFA2AA00B7FB74 /* CoreData */ = {
			isa = PBXGroup;
			children = (
				12EEA68E269AD9FC00D850F0 /* DataManager.swift */,
			);
			path = CoreData;
			sourceTree = "<group>";
		};
		1223396626CFA2B900B7FB74 /* Firebase */ = {
			isa = PBXGroup;
			children = (
				1223396926CFC38900B7FB74 /* AuthenticationManager.swift */,
				12EC792E26D4C31C0003DE27 /* PostManager.swift */,
				087DBB78272BE79E0085FBC8 /* PostManager+Like.swift */,
				12B9350D2791626800183205 /* PostManager+Comment.swift */,
				1258ADAB277C582D003C2FF1 /* NoticeManager.swift */,
			);
			path = Firebase;
			sourceTree = "<group>";
		};
		1226FF4126E86B72003ACE3A /* View */ = {
			isa = PBXGroup;
			children = (
				127DEF84272640870002BA39 /* AddTastingNote */,
				227DED7726EF549B001CCCE0 /* Community */,
				12D9A62226EA91EE00792C6E /* MyWines */,
				12B5560226FC9B3400639807 /* Settings */,
			);
			path = View;
			sourceTree = "<group>";
		};
		1226FF4226E870A0003ACE3A /* Service */ = {
			isa = PBXGroup;
			children = (
				1223396526CFA2AA00B7FB74 /* CoreData */,
				1223396626CFA2B900B7FB74 /* Firebase */,
			);
			path = Service;
			sourceTree = "<group>";
		};
		123A23282740BF1A004039E9 /* Lottie */ = {
			isa = PBXGroup;
			children = (
				12DF47AB276B5C280093D62E /* loading.json */,
				123A23292740BF34004039E9 /* swirling-wine.json */,
			);
			path = Lottie;
			sourceTree = "<group>";
		};
		1263F9C226E0E5F40094DF99 /* Model */ = {
			isa = PBXGroup;
			children = (
				1280D8A826E654A20052226A /* User.swift */,
				12E188C126CBACBC0035964F /* WineTastingNote+CoreDataClass.swift */,
				12E188C226CBACBC0035964F /* WineTastingNote+CoreDataProperties.swift */,
				12E188C526CBB1F00035964F /* WineTastingNotes.swift */,
				12D9A61A26EA674600792C6E /* Post.swift */,
				12D9A61C26EA69BD00792C6E /* Comment.swift */,
			);
			path = Model;
			sourceTree = "<group>";
		};
		127DEF84272640870002BA39 /* AddTastingNote */ = {
			isa = PBXGroup;
			children = (
				C7BAABAA26E9CEA500471FB1 /* TastingNotes.storyboard */,
				127DEF852726423C0002BA39 /* AddTastingNoteTableViewController.swift */,
				123DEC4626C449B600DE45F7 /* WineProducingCountriesTableViewController.swift */,
				122536DC26C3A1BC00190CA1 /* WineVarietiesTableViewController.swift */,
				125EBDE626C694550081E5D8 /* WineAromasAndFlavorsCollectionViewController.swift */,
				125EBDE826C695AC0081E5D8 /* WineAromasAndFlavorsCollectionViewCell.swift */,
			);
			path = AddTastingNote;
			sourceTree = "<group>";
		};
		1280D8A726E6548C0052226A /* ViewModel */ = {
			isa = PBXGroup;
			children = (
				227DED6E26EF546D001CCCE0 /* Community */,
				12D9A62326EA91FA00792C6E /* MyWines */,
			);
			path = ViewModel;
			sourceTree = "<group>";
		};
		1288F8F427702EF40043E7E7 /* Utils */ = {
			isa = PBXGroup;
			children = (
				1288F8F72770351C0043E7E7 /* Constants.swift */,
			);
			path = Utils;
			sourceTree = "<group>";
		};
		12B5560226FC9B3400639807 /* Settings */ = {
			isa = PBXGroup;
			children = (
				12B5560326FC9BDD00639807 /* Settings.storyboard */,
				1223396226CFA1A100B7FB74 /* SettingsTableViewController.swift */,
				1223396726CFC10A00B7FB74 /* SignInViewController.swift */,
				1223396B26CFC5AF00B7FB74 /* SignUpViewController.swift */,
				12F1FDAA26D3D94800342BE2 /* EditProfileViewController.swift */,
				126810B226D407150061B9A5 /* FindPasswordViewController.swift */,
				12EC792A26D4AE800003DE27 /* UpdatePasswordViewController.swift */,
				126325D3274BAB6E0013CA33 /* DeleteAccountViewController.swift */,
				1258ADA3277C2364003C2FF1 /* NoticeController.swift */,
				1258ADA5277C23DC003C2FF1 /* NoticeCell.swift */,
				1258ADAD277C67BD003C2FF1 /* NoticeDetailController.swift */,
				1258ADAF277C682F003C2FF1 /* NoticeDetailCell.swift */,
				1258ADA7277C35EE003C2FF1 /* HelpController.swift */,
				1258ADA9277C4A90003C2FF1 /* HelpCell.swift */,
			);
			path = Settings;
			sourceTree = "<group>";
		};
		12D9A62226EA91EE00792C6E /* MyWines */ = {
			isa = PBXGroup;
			children = (
				C7BAABA726E9CDB200471FB1 /* MyWines.storyboard */,
				12E2D81F26CEEABC0016A851 /* MyWinesViewController.swift */,
				1226FF4326E8731F003ACE3A /* MyWinesHeaderView.swift */,
				1284F5ED26DB51860033CFD0 /* MyWinesCollectionViewCell.swift */,
				12DAC3D9274123A90055B5E7 /* MyWinesNoPostsCell.swift */,
			);
			path = MyWines;
			sourceTree = "<group>";
		};
		12D9A62326EA91FA00792C6E /* MyWines */ = {
			isa = PBXGroup;
			children = (
				1280D8AA26E654B30052226A /* MyWinesHeaderViewModel.swift */,
				12D9A62026EA7AFE00792C6E /* MyWinesViewModel.swift */,
			);
			path = MyWines;
			sourceTree = "<group>";
		};
		1F215B1D269EB85B00F0E526 /* Camera */ = {
			isa = PBXGroup;
			children = (
				1FCB9145267B8A44008C93C7 /* SearchPhotoViewController.swift */,
				1FBF148D269BF25E00B8C59D /* PhotoViewController.swift */,
			);
			path = Camera;
			sourceTree = "<group>";
		};
		1F215B1F269EB8A300F0E526 /* Calendar */ = {
			isa = PBXGroup;
			children = (
				12C9D6BB26984D0000911CF0 /* Categories.swift */,
				12578E792697517500F2FF20 /* CalendarViewController.swift */,
				12578E7B2697542700F2FF20 /* CalendarTableViewCell.swift */,
				12C9D6BD2698547500911CF0 /* AddScheduleTableViewController.swift */,
				12DF7CF5269DC3A90083AE2B /* DetailScheduleTableViewController.swift */,
				12DF7CF7269DC3C30083AE2B /* DetailMyWinesTableViewController.swift */,
			);
			path = Calendar;
			sourceTree = "<group>";
		};
		1F215B2526A0067200F0E526 /* Search */ = {
			isa = PBXGroup;
			children = (
				1F215B2626A0069800F0E526 /* SearchViewController.swift */,
				1FE3543826A01809004AAF13 /* SearchDetailViewController.swift */,
				1F21DCFE26AA7E2D000C6A59 /* SearchTableViewCell.swift */,
			);
			name = Search;
			sourceTree = "<group>";
		};
		1FCB9106267B846C008C93C7 = {
			isa = PBXGroup;
			children = (
				1FCB9111267B846C008C93C7 /* WineCalender */,
				1FCB912B267B8470008C93C7 /* WineCalenderTests */,
				1FCB9136267B8470008C93C7 /* WineCalenderUITests */,
				1FCB9110267B846C008C93C7 /* Products */,
				A11C588FF0DFF0C9F898EB65 /* Pods */,
				67439B2F11CD3C4F4C9DE439 /* Frameworks */,
			);
			sourceTree = "<group>";
		};
		1FCB9110267B846C008C93C7 /* Products */ = {
			isa = PBXGroup;
			children = (
				1FCB910F267B846C008C93C7 /* WineCalender.app */,
				1FCB9128267B8470008C93C7 /* WineCalenderTests.xctest */,
				1FCB9133267B8470008C93C7 /* WineCalenderUITests.xctest */,
			);
			name = Products;
			sourceTree = "<group>";
		};
		1FCB9111267B846C008C93C7 /* WineCalender */ = {
			isa = PBXGroup;
			children = (
				1226FF4226E870A0003ACE3A /* Service */,
				1263F9C226E0E5F40094DF99 /* Model */,
				1226FF4126E86B72003ACE3A /* View */,
				1280D8A726E6548C0052226A /* ViewModel */,
				1223396426CFA22700B7FB74 /* AddTastingNote */,
				0897E8262770754E0009D9B7 /* Extensions */,
				1288F8F427702EF40043E7E7 /* Utils */,
				1F215B2526A0067200F0E526 /* Search */,
				1F215B1F269EB8A300F0E526 /* Calendar */,
				1F215B1D269EB85B00F0E526 /* Camera */,
				123A23282740BF1A004039E9 /* Lottie */,
				22AF411526CE54A900F0D123 /* TabBarController.swift */,
				1FCB9112267B846C008C93C7 /* AppDelegate.swift */,
				1FCB9114267B846C008C93C7 /* SceneDelegate.swift */,
				1FCB9116267B846C008C93C7 /* ViewController.swift */,
				1FCB9118267B846C008C93C7 /* Main.storyboard */,
				1FCB9120267B846F008C93C7 /* LaunchScreen.storyboard */,
				1FCB911E267B846F008C93C7 /* Assets.xcassets */,
				1FCB9123267B846F008C93C7 /* Info.plist */,
				12C19D93274E22EB00673EAA /* GoogleService-Info.plist */,
				1FCB911B267B846C008C93C7 /* WineCalender.xcdatamodeld */,
			);
			path = WineCalender;
			sourceTree = "<group>";
		};
		1FCB912B267B8470008C93C7 /* WineCalenderTests */ = {
			isa = PBXGroup;
			children = (
				1FCB912E267B8470008C93C7 /* Info.plist */,
				1FCB912C267B8470008C93C7 /* WineCalenderCoreDataTests.swift */,
				083AE750270D7F3D009A77F4 /* PostThumbnailVMTests.swift */,
				083AE752270D9045009A77F4 /* CommunityVMTests.swift */,
				083AE754270D91BC009A77F4 /* MyWinesHeaderVMTests.swift */,
				083AE756270D9C20009A77F4 /* MyWinesVMTests.swift */,
				087DBB7C272BEEEB0085FBC8 /* LikeTests.swift */,
			);
			path = WineCalenderTests;
			sourceTree = "<group>";
		};
		1FCB9136267B8470008C93C7 /* WineCalenderUITests */ = {
			isa = PBXGroup;
			children = (
				1FCB9137267B8470008C93C7 /* WineCalenderUITests.swift */,
				1FCB9139267B8470008C93C7 /* Info.plist */,
			);
			path = WineCalenderUITests;
			sourceTree = "<group>";
		};
		227DED6E26EF546D001CCCE0 /* Community */ = {
			isa = PBXGroup;
			children = (
				227DED6F26EF546D001CCCE0 /* PostThumbnailVM.swift */,
				224FFA6B271D4EF70015FC43 /* PostDetailVM.swift */,
				08E17CAA276C110A00A5F467 /* WineDetailVM.swift */,
				12B935112791880100183205 /* CommentDetailVM.swift */,
			);
			path = Community;
			sourceTree = "<group>";
		};
		227DED7726EF549B001CCCE0 /* Community */ = {
			isa = PBXGroup;
			children = (
				C7BAABA426E9CC6400471FB1 /* Community.storyboard */,
				227DED7A26EF549B001CCCE0 /* Community.swift */,
				22FE4774272A9F85000B7F40 /* ZigzagLayout.swift */,
				22FE4778272AA847000B7F40 /* ThumbnailCell.xib */,
				227DED7826EF549B001CCCE0 /* PostThumbnailCell.swift */,
				227DED7226EF546D001CCCE0 /* PostDetail.swift */,
				2263BB3827326DC50004A793 /* PostBottomTable.swift */,
				22BAF6502762F30F009362D4 /* WineDetailController.swift */,
				12B9350F2791877300183205 /* CommentDetailController.swift */,
				124078A427919B90001E4983 /* CommentDetailCell.swift */,
			);
			path = Community;
			sourceTree = "<group>";
		};
		67439B2F11CD3C4F4C9DE439 /* Frameworks */ = {
			isa = PBXGroup;
			children = (
				82F6D26CAC0A65D404A6CDCF /* Pods_WineCalender.framework */,
				A530DBD10DB8474AD455ED35 /* Pods_WineCalender_WineCalenderUITests.framework */,
				EB530CB5E85DD562B7F598F4 /* Pods_WineCalenderTests.framework */,
			);
			name = Frameworks;
			sourceTree = "<group>";
		};
		A11C588FF0DFF0C9F898EB65 /* Pods */ = {
			isa = PBXGroup;
			children = (
				3AD1389320F08F52A5BF1AB6 /* Pods-WineCalender.debug.xcconfig */,
				21883CBE2ABA51F7A43023E7 /* Pods-WineCalender.release.xcconfig */,
				11236921FC67ADC3A00258B4 /* Pods-WineCalender-WineCalenderUITests.debug.xcconfig */,
				54B44FEDB34CF45CA63EB7CC /* Pods-WineCalender-WineCalenderUITests.release.xcconfig */,
				0DE066646E2C02D2B6FC876E /* Pods-WineCalenderTests.debug.xcconfig */,
				22C743C658C7C294A97A0BA6 /* Pods-WineCalenderTests.release.xcconfig */,
			);
			path = Pods;
			sourceTree = "<group>";
		};
/* End PBXGroup section */

/* Begin PBXNativeTarget section */
		1FCB910E267B846C008C93C7 /* WineCalender */ = {
			isa = PBXNativeTarget;
			buildConfigurationList = 1FCB913C267B8470008C93C7 /* Build configuration list for PBXNativeTarget "WineCalender" */;
			buildPhases = (
				14AEBB9B4CAC1C2F60427572 /* [CP] Check Pods Manifest.lock */,
				1FCB910B267B846C008C93C7 /* Sources */,
				1FCB910C267B846C008C93C7 /* Frameworks */,
				1FCB910D267B846C008C93C7 /* Resources */,
				6AFE19BB4236BB8C3433410E /* [CP] Embed Pods Frameworks */,
			);
			buildRules = (
			);
			dependencies = (
			);
			name = WineCalender;
			productName = WineCalender;
			productReference = 1FCB910F267B846C008C93C7 /* WineCalender.app */;
			productType = "com.apple.product-type.application";
		};
		1FCB9127267B8470008C93C7 /* WineCalenderTests */ = {
			isa = PBXNativeTarget;
			buildConfigurationList = 1FCB913F267B8470008C93C7 /* Build configuration list for PBXNativeTarget "WineCalenderTests" */;
			buildPhases = (
				5972C26919CB00865CCD7350 /* [CP] Check Pods Manifest.lock */,
				1FCB9124267B8470008C93C7 /* Sources */,
				1FCB9125267B8470008C93C7 /* Frameworks */,
				1FCB9126267B8470008C93C7 /* Resources */,
			);
			buildRules = (
			);
			dependencies = (
				1FCB912A267B8470008C93C7 /* PBXTargetDependency */,
			);
			name = WineCalenderTests;
			productName = WineCalenderTests;
			productReference = 1FCB9128267B8470008C93C7 /* WineCalenderTests.xctest */;
			productType = "com.apple.product-type.bundle.unit-test";
		};
		1FCB9132267B8470008C93C7 /* WineCalenderUITests */ = {
			isa = PBXNativeTarget;
			buildConfigurationList = 1FCB9142267B8470008C93C7 /* Build configuration list for PBXNativeTarget "WineCalenderUITests" */;
			buildPhases = (
				87EBA752E9C495CF09104F31 /* [CP] Check Pods Manifest.lock */,
				1FCB912F267B8470008C93C7 /* Sources */,
				1FCB9130267B8470008C93C7 /* Frameworks */,
				1FCB9131267B8470008C93C7 /* Resources */,
				E21FB63B1B6D4BE6C0E2F205 /* [CP] Embed Pods Frameworks */,
			);
			buildRules = (
			);
			dependencies = (
				1FCB9135267B8470008C93C7 /* PBXTargetDependency */,
			);
			name = WineCalenderUITests;
			productName = WineCalenderUITests;
			productReference = 1FCB9133267B8470008C93C7 /* WineCalenderUITests.xctest */;
			productType = "com.apple.product-type.bundle.ui-testing";
		};
/* End PBXNativeTarget section */

/* Begin PBXProject section */
		1FCB9107267B846C008C93C7 /* Project object */ = {
			isa = PBXProject;
			attributes = {
				LastSwiftUpdateCheck = 1250;
				LastUpgradeCheck = 1250;
				TargetAttributes = {
					1FCB910E267B846C008C93C7 = {
						CreatedOnToolsVersion = 12.5;
					};
					1FCB9127267B8470008C93C7 = {
						CreatedOnToolsVersion = 12.5;
						TestTargetID = 1FCB910E267B846C008C93C7;
					};
					1FCB9132267B8470008C93C7 = {
						CreatedOnToolsVersion = 12.5;
						TestTargetID = 1FCB910E267B846C008C93C7;
					};
				};
			};
			buildConfigurationList = 1FCB910A267B846C008C93C7 /* Build configuration list for PBXProject "WineCalender" */;
			compatibilityVersion = "Xcode 9.3";
			developmentRegion = en;
			hasScannedForEncodings = 0;
			knownRegions = (
				en,
				Base,
			);
			mainGroup = 1FCB9106267B846C008C93C7;
			productRefGroup = 1FCB9110267B846C008C93C7 /* Products */;
			projectDirPath = "";
			projectRoot = "";
			targets = (
				1FCB910E267B846C008C93C7 /* WineCalender */,
				1FCB9127267B8470008C93C7 /* WineCalenderTests */,
				1FCB9132267B8470008C93C7 /* WineCalenderUITests */,
			);
		};
/* End PBXProject section */

/* Begin PBXResourcesBuildPhase section */
		1FCB910D267B846C008C93C7 /* Resources */ = {
			isa = PBXResourcesBuildPhase;
			buildActionMask = 2147483647;
			files = (
				1FCB9122267B846F008C93C7 /* LaunchScreen.storyboard in Resources */,
				C7BAABAC26E9CEA500471FB1 /* TastingNotes.storyboard in Resources */,
				12B5560426FC9BDD00639807 /* Settings.storyboard in Resources */,
				22FE4779272AA847000B7F40 /* ThumbnailCell.xib in Resources */,
				12DF47AC276B5C280093D62E /* loading.json in Resources */,
				1FCB911F267B846F008C93C7 /* Assets.xcassets in Resources */,
				C7BAABA626E9CC6400471FB1 /* Community.storyboard in Resources */,
				123A232A2740BF34004039E9 /* swirling-wine.json in Resources */,
				12C19D94274E22EB00673EAA /* GoogleService-Info.plist in Resources */,
				1FCB911A267B846C008C93C7 /* Main.storyboard in Resources */,
				C7BAABA926E9CDB200471FB1 /* MyWines.storyboard in Resources */,
			);
			runOnlyForDeploymentPostprocessing = 0;
		};
		1FCB9126267B8470008C93C7 /* Resources */ = {
			isa = PBXResourcesBuildPhase;
			buildActionMask = 2147483647;
			files = (
			);
			runOnlyForDeploymentPostprocessing = 0;
		};
		1FCB9131267B8470008C93C7 /* Resources */ = {
			isa = PBXResourcesBuildPhase;
			buildActionMask = 2147483647;
			files = (
			);
			runOnlyForDeploymentPostprocessing = 0;
		};
/* End PBXResourcesBuildPhase section */

/* Begin PBXShellScriptBuildPhase section */
		14AEBB9B4CAC1C2F60427572 /* [CP] Check Pods Manifest.lock */ = {
			isa = PBXShellScriptBuildPhase;
			buildActionMask = 2147483647;
			files = (
			);
			inputFileListPaths = (
			);
			inputPaths = (
				"${PODS_PODFILE_DIR_PATH}/Podfile.lock",
				"${PODS_ROOT}/Manifest.lock",
			);
			name = "[CP] Check Pods Manifest.lock";
			outputFileListPaths = (
			);
			outputPaths = (
				"$(DERIVED_FILE_DIR)/Pods-WineCalender-checkManifestLockResult.txt",
			);
			runOnlyForDeploymentPostprocessing = 0;
			shellPath = /bin/sh;
			shellScript = "diff \"${PODS_PODFILE_DIR_PATH}/Podfile.lock\" \"${PODS_ROOT}/Manifest.lock\" > /dev/null\nif [ $? != 0 ] ; then\n    # print error to STDERR\n    echo \"error: The sandbox is not in sync with the Podfile.lock. Run 'pod install' or update your CocoaPods installation.\" >&2\n    exit 1\nfi\n# This output is used by Xcode 'outputs' to avoid re-running this script phase.\necho \"SUCCESS\" > \"${SCRIPT_OUTPUT_FILE_0}\"\n";
			showEnvVarsInLog = 0;
		};
		5972C26919CB00865CCD7350 /* [CP] Check Pods Manifest.lock */ = {
			isa = PBXShellScriptBuildPhase;
			buildActionMask = 2147483647;
			files = (
			);
			inputFileListPaths = (
			);
			inputPaths = (
				"${PODS_PODFILE_DIR_PATH}/Podfile.lock",
				"${PODS_ROOT}/Manifest.lock",
			);
			name = "[CP] Check Pods Manifest.lock";
			outputFileListPaths = (
			);
			outputPaths = (
				"$(DERIVED_FILE_DIR)/Pods-WineCalenderTests-checkManifestLockResult.txt",
			);
			runOnlyForDeploymentPostprocessing = 0;
			shellPath = /bin/sh;
			shellScript = "diff \"${PODS_PODFILE_DIR_PATH}/Podfile.lock\" \"${PODS_ROOT}/Manifest.lock\" > /dev/null\nif [ $? != 0 ] ; then\n    # print error to STDERR\n    echo \"error: The sandbox is not in sync with the Podfile.lock. Run 'pod install' or update your CocoaPods installation.\" >&2\n    exit 1\nfi\n# This output is used by Xcode 'outputs' to avoid re-running this script phase.\necho \"SUCCESS\" > \"${SCRIPT_OUTPUT_FILE_0}\"\n";
			showEnvVarsInLog = 0;
		};
		6AFE19BB4236BB8C3433410E /* [CP] Embed Pods Frameworks */ = {
			isa = PBXShellScriptBuildPhase;
			buildActionMask = 2147483647;
			files = (
			);
			inputFileListPaths = (
				"${PODS_ROOT}/Target Support Files/Pods-WineCalender/Pods-WineCalender-frameworks-${CONFIGURATION}-input-files.xcfilelist",
			);
			name = "[CP] Embed Pods Frameworks";
			outputFileListPaths = (
				"${PODS_ROOT}/Target Support Files/Pods-WineCalender/Pods-WineCalender-frameworks-${CONFIGURATION}-output-files.xcfilelist",
			);
			runOnlyForDeploymentPostprocessing = 0;
			shellPath = /bin/sh;
			shellScript = "\"${PODS_ROOT}/Target Support Files/Pods-WineCalender/Pods-WineCalender-frameworks.sh\"\n";
			showEnvVarsInLog = 0;
		};
		87EBA752E9C495CF09104F31 /* [CP] Check Pods Manifest.lock */ = {
			isa = PBXShellScriptBuildPhase;
			buildActionMask = 2147483647;
			files = (
			);
			inputFileListPaths = (
			);
			inputPaths = (
				"${PODS_PODFILE_DIR_PATH}/Podfile.lock",
				"${PODS_ROOT}/Manifest.lock",
			);
			name = "[CP] Check Pods Manifest.lock";
			outputFileListPaths = (
			);
			outputPaths = (
				"$(DERIVED_FILE_DIR)/Pods-WineCalender-WineCalenderUITests-checkManifestLockResult.txt",
			);
			runOnlyForDeploymentPostprocessing = 0;
			shellPath = /bin/sh;
			shellScript = "diff \"${PODS_PODFILE_DIR_PATH}/Podfile.lock\" \"${PODS_ROOT}/Manifest.lock\" > /dev/null\nif [ $? != 0 ] ; then\n    # print error to STDERR\n    echo \"error: The sandbox is not in sync with the Podfile.lock. Run 'pod install' or update your CocoaPods installation.\" >&2\n    exit 1\nfi\n# This output is used by Xcode 'outputs' to avoid re-running this script phase.\necho \"SUCCESS\" > \"${SCRIPT_OUTPUT_FILE_0}\"\n";
			showEnvVarsInLog = 0;
		};
		E21FB63B1B6D4BE6C0E2F205 /* [CP] Embed Pods Frameworks */ = {
			isa = PBXShellScriptBuildPhase;
			buildActionMask = 2147483647;
			files = (
			);
			inputFileListPaths = (
				"${PODS_ROOT}/Target Support Files/Pods-WineCalender-WineCalenderUITests/Pods-WineCalender-WineCalenderUITests-frameworks-${CONFIGURATION}-input-files.xcfilelist",
			);
			name = "[CP] Embed Pods Frameworks";
			outputFileListPaths = (
				"${PODS_ROOT}/Target Support Files/Pods-WineCalender-WineCalenderUITests/Pods-WineCalender-WineCalenderUITests-frameworks-${CONFIGURATION}-output-files.xcfilelist",
			);
			runOnlyForDeploymentPostprocessing = 0;
			shellPath = /bin/sh;
			shellScript = "\"${PODS_ROOT}/Target Support Files/Pods-WineCalender-WineCalenderUITests/Pods-WineCalender-WineCalenderUITests-frameworks.sh\"\n";
			showEnvVarsInLog = 0;
		};
/* End PBXShellScriptBuildPhase section */

/* Begin PBXSourcesBuildPhase section */
		1FCB910B267B846C008C93C7 /* Sources */ = {
			isa = PBXSourcesBuildPhase;
			buildActionMask = 2147483647;
			files = (
				1F215B2726A0069800F0E526 /* SearchViewController.swift in Sources */,
				12E188C426CBACBC0035964F /* WineTastingNote+CoreDataProperties.swift in Sources */,
				1280D8A926E654A20052226A /* User.swift in Sources */,
				126325D4274BAB6E0013CA33 /* DeleteAccountViewController.swift in Sources */,
				12578E7A2697517500F2FF20 /* CalendarViewController.swift in Sources */,
				1288F8F82770351C0043E7E7 /* Constants.swift in Sources */,
				125EBDE926C695AC0081E5D8 /* WineAromasAndFlavorsCollectionViewCell.swift in Sources */,
				12EEA68F269AD9FC00D850F0 /* DataManager.swift in Sources */,
				1223396826CFC10A00B7FB74 /* SignInViewController.swift in Sources */,
				1258ADA6277C23DC003C2FF1 /* NoticeCell.swift in Sources */,
				0897E828277075650009D9B7 /* CALayer+Extension.swift in Sources */,
				1258ADA8277C35EE003C2FF1 /* HelpController.swift in Sources */,
				12B9350E2791626800183205 /* PostManager+Comment.swift in Sources */,
				1258ADAC277C582D003C2FF1 /* NoticeManager.swift in Sources */,
				12D9A61B26EA674600792C6E /* Post.swift in Sources */,
				1223396C26CFC5AF00B7FB74 /* SignUpViewController.swift in Sources */,
				1FCB9117267B846C008C93C7 /* ViewController.swift in Sources */,
				12EC792B26D4AE800003DE27 /* UpdatePasswordViewController.swift in Sources */,
				124078A527919B90001E4983 /* CommentDetailCell.swift in Sources */,
				12E188C326CBACBC0035964F /* WineTastingNote+CoreDataClass.swift in Sources */,
				123DEC4926C44AFD00DE45F7 /* Countries.swift in Sources */,
				227DED7D26EF549B001CCCE0 /* Community.swift in Sources */,
				123DEC4726C449B600DE45F7 /* WineProducingCountriesTableViewController.swift in Sources */,
				224FFA6C271D4EF70015FC43 /* PostDetailVM.swift in Sources */,
				125EBDE526C693A70081E5D8 /* WineAromasAndFlavors.swift in Sources */,
				1284F5EE26DB51860033CFD0 /* MyWinesCollectionViewCell.swift in Sources */,
				12DF7CF8269DC3C30083AE2B /* DetailMyWinesTableViewController.swift in Sources */,
				1223396326CFA1A100B7FB74 /* SettingsTableViewController.swift in Sources */,
				12D9A61D26EA69BD00792C6E /* Comment.swift in Sources */,
				08E17CAB276C110A00A5F467 /* WineDetailVM.swift in Sources */,
				1FE3543926A01809004AAF13 /* SearchDetailViewController.swift in Sources */,
				12F1FDAB26D3D94800342BE2 /* EditProfileViewController.swift in Sources */,
				1258ADA4277C2364003C2FF1 /* NoticeController.swift in Sources */,
				22FE4775272A9F85000B7F40 /* ZigzagLayout.swift in Sources */,
				227DED7B26EF549B001CCCE0 /* PostThumbnailCell.swift in Sources */,
				122536DD26C3A1BC00190CA1 /* WineVarietiesTableViewController.swift in Sources */,
				1280D8AB26E654B30052226A /* MyWinesHeaderViewModel.swift in Sources */,
				12E188C626CBB1F00035964F /* WineTastingNotes.swift in Sources */,
				1FCB9113267B846C008C93C7 /* AppDelegate.swift in Sources */,
				1258ADB0277C682F003C2FF1 /* NoticeDetailCell.swift in Sources */,
				1258ADAA277C4A90003C2FF1 /* HelpCell.swift in Sources */,
				12DAC3DA274123A90055B5E7 /* MyWinesNoPostsCell.swift in Sources */,
				2263BB3927326DC50004A793 /* PostBottomTable.swift in Sources */,
				22BAF6512762F30F009362D4 /* WineDetailController.swift in Sources */,
				127DEF862726423C0002BA39 /* AddTastingNoteTableViewController.swift in Sources */,
				122536DF26C3A20200190CA1 /* WineVarieties.swift in Sources */,
				1258ADB2277C7A5C003C2FF1 /* UILabel+Extension.swift in Sources */,
				12C9D6BC26984D0000911CF0 /* Categories.swift in Sources */,
				12578E7C2697542700F2FF20 /* CalendarTableViewCell.swift in Sources */,
				1FCB911D267B846C008C93C7 /* WineCalender.xcdatamodeld in Sources */,
				1F21DCFF26AA7E2D000C6A59 /* SearchTableViewCell.swift in Sources */,
				1226FF4426E8731F003ACE3A /* MyWinesHeaderView.swift in Sources */,
				12EC792F26D4C31C0003DE27 /* PostManager.swift in Sources */,
				12B935122791880100183205 /* CommentDetailVM.swift in Sources */,
				12C9D6BE2698547500911CF0 /* AddScheduleTableViewController.swift in Sources */,
				087DBB79272BE79E0085FBC8 /* PostManager+Like.swift in Sources */,
				22AF411626CE54A900F0D123 /* TabBarController.swift in Sources */,
				12E2D82026CEEABC0016A851 /* MyWinesViewController.swift in Sources */,
				1FCB9115267B846C008C93C7 /* SceneDelegate.swift in Sources */,
				1223396A26CFC38900B7FB74 /* AuthenticationManager.swift in Sources */,
				126810B326D407150061B9A5 /* FindPasswordViewController.swift in Sources */,
				1FCB9146267B8A44008C93C7 /* SearchPhotoViewController.swift in Sources */,
				1FBF148E269BF25E00B8C59D /* PhotoViewController.swift in Sources */,
				1258ADAE277C67BD003C2FF1 /* NoticeDetailController.swift in Sources */,
				125EBDE726C694550081E5D8 /* WineAromasAndFlavorsCollectionViewController.swift in Sources */,
				227DED7626EF546E001CCCE0 /* PostDetail.swift in Sources */,
				227DED7326EF546E001CCCE0 /* PostThumbnailVM.swift in Sources */,
				12D9A62126EA7AFE00792C6E /* MyWinesViewModel.swift in Sources */,
				12B935102791877300183205 /* CommentDetailController.swift in Sources */,
				12DF7CF6269DC3A90083AE2B /* DetailScheduleTableViewController.swift in Sources */,
			);
			runOnlyForDeploymentPostprocessing = 0;
		};
		1FCB9124267B8470008C93C7 /* Sources */ = {
			isa = PBXSourcesBuildPhase;
			buildActionMask = 2147483647;
			files = (
				083AE755270D91BC009A77F4 /* MyWinesHeaderVMTests.swift in Sources */,
				1FCB912D267B8470008C93C7 /* WineCalenderCoreDataTests.swift in Sources */,
				083AE757270D9C20009A77F4 /* MyWinesVMTests.swift in Sources */,
				083AE751270D7F3E009A77F4 /* PostThumbnailVMTests.swift in Sources */,
				087DBB7D272BEEEB0085FBC8 /* LikeTests.swift in Sources */,
				083AE753270D9045009A77F4 /* CommunityVMTests.swift in Sources */,
			);
			runOnlyForDeploymentPostprocessing = 0;
		};
		1FCB912F267B8470008C93C7 /* Sources */ = {
			isa = PBXSourcesBuildPhase;
			buildActionMask = 2147483647;
			files = (
				1FCB9138267B8470008C93C7 /* WineCalenderUITests.swift in Sources */,
			);
			runOnlyForDeploymentPostprocessing = 0;
		};
/* End PBXSourcesBuildPhase section */

/* Begin PBXTargetDependency section */
		1FCB912A267B8470008C93C7 /* PBXTargetDependency */ = {
			isa = PBXTargetDependency;
			target = 1FCB910E267B846C008C93C7 /* WineCalender */;
			targetProxy = 1FCB9129267B8470008C93C7 /* PBXContainerItemProxy */;
		};
		1FCB9135267B8470008C93C7 /* PBXTargetDependency */ = {
			isa = PBXTargetDependency;
			target = 1FCB910E267B846C008C93C7 /* WineCalender */;
			targetProxy = 1FCB9134267B8470008C93C7 /* PBXContainerItemProxy */;
		};
/* End PBXTargetDependency section */

/* Begin PBXVariantGroup section */
		1FCB9118267B846C008C93C7 /* Main.storyboard */ = {
			isa = PBXVariantGroup;
			children = (
				1FCB9119267B846C008C93C7 /* Base */,
			);
			name = Main.storyboard;
			sourceTree = "<group>";
		};
		1FCB9120267B846F008C93C7 /* LaunchScreen.storyboard */ = {
			isa = PBXVariantGroup;
			children = (
				1FCB9121267B846F008C93C7 /* Base */,
			);
			name = LaunchScreen.storyboard;
			sourceTree = "<group>";
		};
		C7BAABA426E9CC6400471FB1 /* Community.storyboard */ = {
			isa = PBXVariantGroup;
			children = (
				C7BAABA526E9CC6400471FB1 /* Base */,
			);
			name = Community.storyboard;
			sourceTree = "<group>";
		};
		C7BAABA726E9CDB200471FB1 /* MyWines.storyboard */ = {
			isa = PBXVariantGroup;
			children = (
				C7BAABA826E9CDB200471FB1 /* Base */,
			);
			name = MyWines.storyboard;
			sourceTree = "<group>";
		};
		C7BAABAA26E9CEA500471FB1 /* TastingNotes.storyboard */ = {
			isa = PBXVariantGroup;
			children = (
				C7BAABAB26E9CEA500471FB1 /* Base */,
			);
			name = TastingNotes.storyboard;
			sourceTree = "<group>";
		};
/* End PBXVariantGroup section */

/* Begin XCBuildConfiguration section */
		1FCB913A267B8470008C93C7 /* Debug */ = {
			isa = XCBuildConfiguration;
			buildSettings = {
				ALWAYS_SEARCH_USER_PATHS = NO;
				CLANG_ANALYZER_NONNULL = YES;
				CLANG_ANALYZER_NUMBER_OBJECT_CONVERSION = YES_AGGRESSIVE;
				CLANG_CXX_LANGUAGE_STANDARD = "gnu++14";
				CLANG_CXX_LIBRARY = "libc++";
				CLANG_ENABLE_MODULES = YES;
				CLANG_ENABLE_OBJC_ARC = YES;
				CLANG_ENABLE_OBJC_WEAK = YES;
				CLANG_WARN_BLOCK_CAPTURE_AUTORELEASING = YES;
				CLANG_WARN_BOOL_CONVERSION = YES;
				CLANG_WARN_COMMA = YES;
				CLANG_WARN_CONSTANT_CONVERSION = YES;
				CLANG_WARN_DEPRECATED_OBJC_IMPLEMENTATIONS = YES;
				CLANG_WARN_DIRECT_OBJC_ISA_USAGE = YES_ERROR;
				CLANG_WARN_DOCUMENTATION_COMMENTS = YES;
				CLANG_WARN_EMPTY_BODY = YES;
				CLANG_WARN_ENUM_CONVERSION = YES;
				CLANG_WARN_INFINITE_RECURSION = YES;
				CLANG_WARN_INT_CONVERSION = YES;
				CLANG_WARN_NON_LITERAL_NULL_CONVERSION = YES;
				CLANG_WARN_OBJC_IMPLICIT_RETAIN_SELF = YES;
				CLANG_WARN_OBJC_LITERAL_CONVERSION = YES;
				CLANG_WARN_OBJC_ROOT_CLASS = YES_ERROR;
				CLANG_WARN_QUOTED_INCLUDE_IN_FRAMEWORK_HEADER = YES;
				CLANG_WARN_RANGE_LOOP_ANALYSIS = YES;
				CLANG_WARN_STRICT_PROTOTYPES = YES;
				CLANG_WARN_SUSPICIOUS_MOVE = YES;
				CLANG_WARN_UNGUARDED_AVAILABILITY = YES_AGGRESSIVE;
				CLANG_WARN_UNREACHABLE_CODE = YES;
				CLANG_WARN__DUPLICATE_METHOD_MATCH = YES;
				COPY_PHASE_STRIP = NO;
				DEBUG_INFORMATION_FORMAT = dwarf;
				ENABLE_STRICT_OBJC_MSGSEND = YES;
				ENABLE_TESTABILITY = YES;
				GCC_C_LANGUAGE_STANDARD = gnu11;
				GCC_DYNAMIC_NO_PIC = NO;
				GCC_NO_COMMON_BLOCKS = YES;
				GCC_OPTIMIZATION_LEVEL = 0;
				GCC_PREPROCESSOR_DEFINITIONS = (
					"DEBUG=1",
					"$(inherited)",
				);
				GCC_WARN_64_TO_32_BIT_CONVERSION = YES;
				GCC_WARN_ABOUT_RETURN_TYPE = YES_ERROR;
				GCC_WARN_UNDECLARED_SELECTOR = YES;
				GCC_WARN_UNINITIALIZED_AUTOS = YES_AGGRESSIVE;
				GCC_WARN_UNUSED_FUNCTION = YES;
				GCC_WARN_UNUSED_VARIABLE = YES;
				IPHONEOS_DEPLOYMENT_TARGET = 14.5;
				MTL_ENABLE_DEBUG_INFO = INCLUDE_SOURCE;
				MTL_FAST_MATH = YES;
				ONLY_ACTIVE_ARCH = YES;
				SDKROOT = iphoneos;
				SWIFT_ACTIVE_COMPILATION_CONDITIONS = DEBUG;
				SWIFT_OPTIMIZATION_LEVEL = "-Onone";
			};
			name = Debug;
		};
		1FCB913B267B8470008C93C7 /* Release */ = {
			isa = XCBuildConfiguration;
			buildSettings = {
				ALWAYS_SEARCH_USER_PATHS = NO;
				CLANG_ANALYZER_NONNULL = YES;
				CLANG_ANALYZER_NUMBER_OBJECT_CONVERSION = YES_AGGRESSIVE;
				CLANG_CXX_LANGUAGE_STANDARD = "gnu++14";
				CLANG_CXX_LIBRARY = "libc++";
				CLANG_ENABLE_MODULES = YES;
				CLANG_ENABLE_OBJC_ARC = YES;
				CLANG_ENABLE_OBJC_WEAK = YES;
				CLANG_WARN_BLOCK_CAPTURE_AUTORELEASING = YES;
				CLANG_WARN_BOOL_CONVERSION = YES;
				CLANG_WARN_COMMA = YES;
				CLANG_WARN_CONSTANT_CONVERSION = YES;
				CLANG_WARN_DEPRECATED_OBJC_IMPLEMENTATIONS = YES;
				CLANG_WARN_DIRECT_OBJC_ISA_USAGE = YES_ERROR;
				CLANG_WARN_DOCUMENTATION_COMMENTS = YES;
				CLANG_WARN_EMPTY_BODY = YES;
				CLANG_WARN_ENUM_CONVERSION = YES;
				CLANG_WARN_INFINITE_RECURSION = YES;
				CLANG_WARN_INT_CONVERSION = YES;
				CLANG_WARN_NON_LITERAL_NULL_CONVERSION = YES;
				CLANG_WARN_OBJC_IMPLICIT_RETAIN_SELF = YES;
				CLANG_WARN_OBJC_LITERAL_CONVERSION = YES;
				CLANG_WARN_OBJC_ROOT_CLASS = YES_ERROR;
				CLANG_WARN_QUOTED_INCLUDE_IN_FRAMEWORK_HEADER = YES;
				CLANG_WARN_RANGE_LOOP_ANALYSIS = YES;
				CLANG_WARN_STRICT_PROTOTYPES = YES;
				CLANG_WARN_SUSPICIOUS_MOVE = YES;
				CLANG_WARN_UNGUARDED_AVAILABILITY = YES_AGGRESSIVE;
				CLANG_WARN_UNREACHABLE_CODE = YES;
				CLANG_WARN__DUPLICATE_METHOD_MATCH = YES;
				COPY_PHASE_STRIP = NO;
				DEBUG_INFORMATION_FORMAT = "dwarf-with-dsym";
				ENABLE_NS_ASSERTIONS = NO;
				ENABLE_STRICT_OBJC_MSGSEND = YES;
				GCC_C_LANGUAGE_STANDARD = gnu11;
				GCC_NO_COMMON_BLOCKS = YES;
				GCC_WARN_64_TO_32_BIT_CONVERSION = YES;
				GCC_WARN_ABOUT_RETURN_TYPE = YES_ERROR;
				GCC_WARN_UNDECLARED_SELECTOR = YES;
				GCC_WARN_UNINITIALIZED_AUTOS = YES_AGGRESSIVE;
				GCC_WARN_UNUSED_FUNCTION = YES;
				GCC_WARN_UNUSED_VARIABLE = YES;
				IPHONEOS_DEPLOYMENT_TARGET = 14.5;
				MTL_ENABLE_DEBUG_INFO = NO;
				MTL_FAST_MATH = YES;
				SDKROOT = iphoneos;
				SWIFT_COMPILATION_MODE = wholemodule;
				SWIFT_OPTIMIZATION_LEVEL = "-O";
				VALIDATE_PRODUCT = YES;
			};
			name = Release;
		};
		1FCB913D267B8470008C93C7 /* Debug */ = {
			isa = XCBuildConfiguration;
			baseConfigurationReference = 3AD1389320F08F52A5BF1AB6 /* Pods-WineCalender.debug.xcconfig */;
			buildSettings = {
				ASSETCATALOG_COMPILER_APPICON_NAME = AppIcon;
				ASSETCATALOG_COMPILER_GLOBAL_ACCENT_COLOR_NAME = AccentColor;
				CODE_SIGN_STYLE = Automatic;
				CURRENT_PROJECT_VERSION = 20220120;
				DEVELOPMENT_TEAM = 4QG3GC35LA;
				INFOPLIST_FILE = WineCalender/Info.plist;
				LD_RUNPATH_SEARCH_PATHS = (
					"$(inherited)",
					"@executable_path/Frameworks",
				);
				MARKETING_VERSION = 1.2.2;
				PRODUCT_BUNDLE_IDENTIFIER = com.codershigh.ThatWine;
				PRODUCT_NAME = "$(TARGET_NAME)";
				SWIFT_VERSION = 5.0;
				TARGETED_DEVICE_FAMILY = 1;
			};
			name = Debug;
		};
		1FCB913E267B8470008C93C7 /* Release */ = {
			isa = XCBuildConfiguration;
			baseConfigurationReference = 21883CBE2ABA51F7A43023E7 /* Pods-WineCalender.release.xcconfig */;
			buildSettings = {
				ASSETCATALOG_COMPILER_APPICON_NAME = AppIcon;
				ASSETCATALOG_COMPILER_GLOBAL_ACCENT_COLOR_NAME = AccentColor;
				CODE_SIGN_STYLE = Automatic;
				CURRENT_PROJECT_VERSION = 20220120;
				DEVELOPMENT_TEAM = 4QG3GC35LA;
				INFOPLIST_FILE = WineCalender/Info.plist;
				LD_RUNPATH_SEARCH_PATHS = (
					"$(inherited)",
					"@executable_path/Frameworks",
				);
				MARKETING_VERSION = 1.2.2;
				PRODUCT_BUNDLE_IDENTIFIER = com.codershigh.ThatWine;
				PRODUCT_NAME = "$(TARGET_NAME)";
				SWIFT_VERSION = 5.0;
				TARGETED_DEVICE_FAMILY = 1;
			};
			name = Release;
		};
		1FCB9140267B8470008C93C7 /* Debug */ = {
			isa = XCBuildConfiguration;
			baseConfigurationReference = 0DE066646E2C02D2B6FC876E /* Pods-WineCalenderTests.debug.xcconfig */;
			buildSettings = {
				ALWAYS_EMBED_SWIFT_STANDARD_LIBRARIES = YES;
				BUNDLE_LOADER = "$(TEST_HOST)";
				"CODE_SIGN_IDENTITY[sdk=macosx*]" = "Apple Development";
				CODE_SIGN_STYLE = Automatic;
				DEVELOPMENT_TEAM = 4QG3GC35LA;
				INFOPLIST_FILE = WineCalenderTests/Info.plist;
				IPHONEOS_DEPLOYMENT_TARGET = 14.5;
				LD_RUNPATH_SEARCH_PATHS = (
					"$(inherited)",
					"@executable_path/Frameworks",
					"@loader_path/Frameworks",
				);
				PRODUCT_BUNDLE_IDENTIFIER = suzen.WineCalenderTests;
				PRODUCT_NAME = "$(TARGET_NAME)";
				SWIFT_VERSION = 5.0;
				TARGETED_DEVICE_FAMILY = "1,2";
				TEST_HOST = "$(BUILT_PRODUCTS_DIR)/WineCalender.app/WineCalender";
			};
			name = Debug;
		};
		1FCB9141267B8470008C93C7 /* Release */ = {
			isa = XCBuildConfiguration;
			baseConfigurationReference = 22C743C658C7C294A97A0BA6 /* Pods-WineCalenderTests.release.xcconfig */;
			buildSettings = {
				ALWAYS_EMBED_SWIFT_STANDARD_LIBRARIES = YES;
				BUNDLE_LOADER = "$(TEST_HOST)";
				"CODE_SIGN_IDENTITY[sdk=macosx*]" = "Apple Development";
				CODE_SIGN_STYLE = Automatic;
				DEVELOPMENT_TEAM = 4QG3GC35LA;
				INFOPLIST_FILE = WineCalenderTests/Info.plist;
				IPHONEOS_DEPLOYMENT_TARGET = 14.5;
				LD_RUNPATH_SEARCH_PATHS = (
					"$(inherited)",
					"@executable_path/Frameworks",
					"@loader_path/Frameworks",
				);
				PRODUCT_BUNDLE_IDENTIFIER = suzen.WineCalenderTests;
				PRODUCT_NAME = "$(TARGET_NAME)";
				SWIFT_VERSION = 5.0;
				TARGETED_DEVICE_FAMILY = "1,2";
				TEST_HOST = "$(BUILT_PRODUCTS_DIR)/WineCalender.app/WineCalender";
			};
			name = Release;
		};
		1FCB9143267B8470008C93C7 /* Debug */ = {
			isa = XCBuildConfiguration;
			baseConfigurationReference = 11236921FC67ADC3A00258B4 /* Pods-WineCalender-WineCalenderUITests.debug.xcconfig */;
			buildSettings = {
				ALWAYS_EMBED_SWIFT_STANDARD_LIBRARIES = YES;
				"CODE_SIGN_IDENTITY[sdk=macosx*]" = "Apple Development";
				CODE_SIGN_STYLE = Automatic;
				DEVELOPMENT_TEAM = 4QG3GC35LA;
				INFOPLIST_FILE = WineCalenderUITests/Info.plist;
				LD_RUNPATH_SEARCH_PATHS = (
					"$(inherited)",
					"@executable_path/Frameworks",
					"@loader_path/Frameworks",
				);
				PRODUCT_BUNDLE_IDENTIFIER = suzen.WineCalenderUITests;
				PRODUCT_NAME = "$(TARGET_NAME)";
				SWIFT_VERSION = 5.0;
				TARGETED_DEVICE_FAMILY = "1,2";
				TEST_TARGET_NAME = WineCalender;
			};
			name = Debug;
		};
		1FCB9144267B8470008C93C7 /* Release */ = {
			isa = XCBuildConfiguration;
			baseConfigurationReference = 54B44FEDB34CF45CA63EB7CC /* Pods-WineCalender-WineCalenderUITests.release.xcconfig */;
			buildSettings = {
				ALWAYS_EMBED_SWIFT_STANDARD_LIBRARIES = YES;
				"CODE_SIGN_IDENTITY[sdk=macosx*]" = "-";
				CODE_SIGN_STYLE = Automatic;
				DEVELOPMENT_TEAM = 4QG3GC35LA;
				INFOPLIST_FILE = WineCalenderUITests/Info.plist;
				LD_RUNPATH_SEARCH_PATHS = (
					"$(inherited)",
					"@executable_path/Frameworks",
					"@loader_path/Frameworks",
				);
				PRODUCT_BUNDLE_IDENTIFIER = suzen.WineCalenderUITests;
				PRODUCT_NAME = "$(TARGET_NAME)";
				SWIFT_VERSION = 5.0;
				TARGETED_DEVICE_FAMILY = "1,2";
				TEST_TARGET_NAME = WineCalender;
			};
			name = Release;
		};
/* End XCBuildConfiguration section */

/* Begin XCConfigurationList section */
		1FCB910A267B846C008C93C7 /* Build configuration list for PBXProject "WineCalender" */ = {
			isa = XCConfigurationList;
			buildConfigurations = (
				1FCB913A267B8470008C93C7 /* Debug */,
				1FCB913B267B8470008C93C7 /* Release */,
			);
			defaultConfigurationIsVisible = 0;
			defaultConfigurationName = Release;
		};
		1FCB913C267B8470008C93C7 /* Build configuration list for PBXNativeTarget "WineCalender" */ = {
			isa = XCConfigurationList;
			buildConfigurations = (
				1FCB913D267B8470008C93C7 /* Debug */,
				1FCB913E267B8470008C93C7 /* Release */,
			);
			defaultConfigurationIsVisible = 0;
			defaultConfigurationName = Release;
		};
		1FCB913F267B8470008C93C7 /* Build configuration list for PBXNativeTarget "WineCalenderTests" */ = {
			isa = XCConfigurationList;
			buildConfigurations = (
				1FCB9140267B8470008C93C7 /* Debug */,
				1FCB9141267B8470008C93C7 /* Release */,
			);
			defaultConfigurationIsVisible = 0;
			defaultConfigurationName = Release;
		};
		1FCB9142267B8470008C93C7 /* Build configuration list for PBXNativeTarget "WineCalenderUITests" */ = {
			isa = XCConfigurationList;
			buildConfigurations = (
				1FCB9143267B8470008C93C7 /* Debug */,
				1FCB9144267B8470008C93C7 /* Release */,
			);
			defaultConfigurationIsVisible = 0;
			defaultConfigurationName = Release;
		};
/* End XCConfigurationList section */

/* Begin XCVersionGroup section */
		1FCB911B267B846C008C93C7 /* WineCalender.xcdatamodeld */ = {
			isa = XCVersionGroup;
			children = (
				1FCB911C267B846C008C93C7 /* WineCalender.xcdatamodel */,
			);
			currentVersion = 1FCB911C267B846C008C93C7 /* WineCalender.xcdatamodel */;
			path = WineCalender.xcdatamodeld;
			sourceTree = "<group>";
			versionGroupType = wrapper.xcdatamodel;
		};
/* End XCVersionGroup section */
	};
	rootObject = 1FCB9107267B846C008C93C7 /* Project object */;
}
